
Microsoft Visual Studio Solution File, Format Version 12.00
# Visual Studio Version 16
VisualStudioVersion = 16.0.29411.108
MinimumVisualStudioVersion = 10.0.40219.1
Project("{2150E333-8FDC-42A3-9474-1A3956D46DE8}") = "src", "src", "{1970C42E-2240-4A45-BC55-A70C62893133}"
EndProject
Project("{2150E333-8FDC-42A3-9474-1A3956D46DE8}") = "Services", "Services", "{12236FD9-119C-4371-A82C-7197D02064BE}"
EndProject
Project("{2150E333-8FDC-42A3-9474-1A3956D46DE8}") = "Web", "Web", "{D0F46BD5-C483-4A20-A853-EC9664732293}"
EndProject
Project("{FAE04EC0-301F-11D3-BF4B-00C04F79EFBC}") = "ProductCatalogApi", "src\Services\ProductCatalogApi\ProductCatalogApi.csproj", "{21EE0135-95B2-4137-BEAA-57FAF375A6BD}"
EndProject
Global
	GlobalSection(SolutionConfigurationPlatforms) = preSolution
		Debug|Any CPU = Debug|Any CPU
		Release|Any CPU = Release|Any CPU
	EndGlobalSection
	GlobalSection(ProjectConfigurationPlatforms) = postSolution
		{21EE0135-95B2-4137-BEAA-57FAF375A6BD}.Debug|Any CPU.ActiveCfg = Debug|Any CPU
		{21EE0135-95B2-4137-BEAA-57FAF375A6BD}.Debug|Any CPU.Build.0 = Debug|Any CPU
		{21EE0135-95B2-4137-BEAA-57FAF375A6BD}.Release|Any CPU.ActiveCfg = Release|Any CPU
		{21EE0135-95B2-4137-BEAA-57FAF375A6BD}.Release|Any CPU.Build.0 = Release|Any CPU
	EndGlobalSection
	GlobalSection(SolutionProperties) = preSolution
		HideSolutionNode = FALSE
	EndGlobalSection
	GlobalSection(NestedProjects) = preSolution
		{12236FD9-119C-4371-A82C-7197D02064BE} = {1970C42E-2240-4A45-BC55-A70C62893133}
		{D0F46BD5-C483-4A20-A853-EC9664732293} = {1970C42E-2240-4A45-BC55-A70C62893133}
		{21EE0135-95B2-4137-BEAA-57FAF375A6BD} = {12236FD9-119C-4371-A82C-7197D02064BE}
	EndGlobalSection
	GlobalSection(ExtensibilityGlobals) = postSolution
		SolutionGuid = {40B95886-B77C-4951-AE5A-479328BE6219}
	EndGlobalSection
EndGlobal
